
Microsoft Visual Studio Solution File, Format Version 12.00
# Visual Studio Version 17
VisualStudioVersion = 17.7.34024.191
MinimumVisualStudioVersion = 10.0.40219.1
Project("{9A19103F-16F7-4668-BE54-9A1E7A4F7556}") = "AHUB_Test", "AHUB_Test\AHUB_Test.csproj", "{F2077A52-D85A-4EB1-87DF-FCD22DB84CE2}"
EndProject
Project("{9A19103F-16F7-4668-BE54-9A1E7A4F7556}") = "DomainLayer", "DomainLayer\DomainLayer.csproj", "{EC149D71-81C3-475F-9A53-5FDCE9AF0CDE}"
EndProject
Project("{9A19103F-16F7-4668-BE54-9A1E7A4F7556}") = "ContractsLayer", "ContractsLayer\ContractsLayer.csproj", "{EF6A49C5-8040-47F5-930A-FEB9176911B1}"
EndProject
Project("{9A19103F-16F7-4668-BE54-9A1E7A4F7556}") = "RepositoryLayer", "RepositoryLayer\RepositoryLayer.csproj", "{C05F04E5-6108-46CD-B080-330BC5E718A6}"
EndProject
Project("{9A19103F-16F7-4668-BE54-9A1E7A4F7556}") = "ServicesLayer", "ServicesLayer\ServicesLayer.csproj", "{FED58778-A3ED-4075-96A6-57772F7578F1}"
EndProject
Global
	GlobalSection(SolutionConfigurationPlatforms) = preSolution
		Debug|Any CPU = Debug|Any CPU
		Release|Any CPU = Release|Any CPU
	EndGlobalSection
	GlobalSection(ProjectConfigurationPlatforms) = postSolution
		{F2077A52-D85A-4EB1-87DF-FCD22DB84CE2}.Debug|Any CPU.ActiveCfg = Debug|Any CPU
		{F2077A52-D85A-4EB1-87DF-FCD22DB84CE2}.Debug|Any CPU.Build.0 = Debug|Any CPU
		{F2077A52-D85A-4EB1-87DF-FCD22DB84CE2}.Release|Any CPU.ActiveCfg = Release|Any CPU
		{F2077A52-D85A-4EB1-87DF-FCD22DB84CE2}.Release|Any CPU.Build.0 = Release|Any CPU
		{EC149D71-81C3-475F-9A53-5FDCE9AF0CDE}.Debug|Any CPU.ActiveCfg = Debug|Any CPU
		{EC149D71-81C3-475F-9A53-5FDCE9AF0CDE}.Debug|Any CPU.Build.0 = Debug|Any CPU
		{EC149D71-81C3-475F-9A53-5FDCE9AF0CDE}.Release|Any CPU.ActiveCfg = Release|Any CPU
		{EC149D71-81C3-475F-9A53-5FDCE9AF0CDE}.Release|Any CPU.Build.0 = Release|Any CPU
		{EF6A49C5-8040-47F5-930A-FEB9176911B1}.Debug|Any CPU.ActiveCfg = Debug|Any CPU
		{EF6A49C5-8040-47F5-930A-FEB9176911B1}.Debug|Any CPU.Build.0 = Debug|Any CPU
		{EF6A49C5-8040-47F5-930A-FEB9176911B1}.Release|Any CPU.ActiveCfg = Release|Any CPU
		{EF6A49C5-8040-47F5-930A-FEB9176911B1}.Release|Any CPU.Build.0 = Release|Any CPU
		{C05F04E5-6108-46CD-B080-330BC5E718A6}.Debug|Any CPU.ActiveCfg = Debug|Any CPU
		{C05F04E5-6108-46CD-B080-330BC5E718A6}.Debug|Any CPU.Build.0 = Debug|Any CPU
		{C05F04E5-6108-46CD-B080-330BC5E718A6}.Release|Any CPU.ActiveCfg = Release|Any CPU
		{C05F04E5-6108-46CD-B080-330BC5E718A6}.Release|Any CPU.Build.0 = Release|Any CPU
		{FED58778-A3ED-4075-96A6-57772F7578F1}.Debug|Any CPU.ActiveCfg = Debug|Any CPU
		{FED58778-A3ED-4075-96A6-57772F7578F1}.Debug|Any CPU.Build.0 = Debug|Any CPU
		{FED58778-A3ED-4075-96A6-57772F7578F1}.Release|Any CPU.ActiveCfg = Release|Any CPU
		{FED58778-A3ED-4075-96A6-57772F7578F1}.Release|Any CPU.Build.0 = Release|Any CPU
	EndGlobalSection
	GlobalSection(SolutionProperties) = preSolution
		HideSolutionNode = FALSE
	EndGlobalSection
	GlobalSection(ExtensibilityGlobals) = postSolution
		SolutionGuid = {EA448A73-9FB0-49BE-A06A-C167A320E50F}
	EndGlobalSection
EndGlobal
